alias: q_concept_rationale_block
label: Concept rationale block
name: Concept rationale — what makes that harder for you right now?
description: Gets at the cause behind the stated growth gap in concept rationale.
purpose: topic
stage: cause
axis_effects:
  growth: +3
  clarity: +1
source: planner_added
